
Microsoft Visual Studio Solution File, Format Version 12.00
# Visual Studio 2015
Project("{FAE04EC0-301F-11D3-BF4B-00C04F79EFBC}") = "ShakeIt.CSharp", "ShakeIt.CSharp.csproj", "{AAD54247-AB45-AE86-7472-2C5758230714}"
EndProject
Global
	GlobalSection(SolutionConfigurationPlatforms) = preSolution
		Debug|Any CPU = Debug|Any CPU
		Release|Any CPU = Release|Any CPU
	EndGlobalSection
	GlobalSection(ProjectConfigurationPlatforms) = postSolution
		{AAD54247-AB45-AE86-7472-2C5758230714}.Debug|Any CPU.ActiveCfg = Debug|Any CPU
		{AAD54247-AB45-AE86-7472-2C5758230714}.Debug|Any CPU.Build.0 = Debug|Any CPU
		{AAD54247-AB45-AE86-7472-2C5758230714}.Release|Any CPU.ActiveCfg = Release|Any CPU
		{AAD54247-AB45-AE86-7472-2C5758230714}.Release|Any CPU.Build.0 = Release|Any CPU
	EndGlobalSection
	GlobalSection(SolutionProperties) = preSolution
		HideSolutionNode = FALSE
	EndGlobalSection
EndGlobal
